
Microsoft Visual Studio Solution File, Format Version 12.00
# Visual Studio 15
VisualStudioVersion = 15.0.27004.2006
MinimumVisualStudioVersion = 10.0.40219.1
Project("{9A19103F-16F7-4668-BE54-9A1E7A4F7556}") = "IntlOps", "IntlOps\IntlOps.csproj", "{BE616BE8-D14D-4CF1-A89A-84767B3A0EAB}"
EndProject
Global
	GlobalSection(SolutionConfigurationPlatforms) = preSolution
		Debug|Any CPU = Debug|Any CPU
		Release|Any CPU = Release|Any CPU
	EndGlobalSection
	GlobalSection(ProjectConfigurationPlatforms) = postSolution
		{BE616BE8-D14D-4CF1-A89A-84767B3A0EAB}.Debug|Any CPU.ActiveCfg = Debug|Any CPU
		{BE616BE8-D14D-4CF1-A89A-84767B3A0EAB}.Debug|Any CPU.Build.0 = Debug|Any CPU
		{BE616BE8-D14D-4CF1-A89A-84767B3A0EAB}.Release|Any CPU.ActiveCfg = Release|Any CPU
		{BE616BE8-D14D-4CF1-A89A-84767B3A0EAB}.Release|Any CPU.Build.0 = Release|Any CPU
	EndGlobalSection
	GlobalSection(SolutionProperties) = preSolution
		HideSolutionNode = FALSE
	EndGlobalSection
	GlobalSection(ExtensibilityGlobals) = postSolution
		SolutionGuid = {8DF1BA6F-D3EB-4BCE-B3F2-03B97D034C79}
	EndGlobalSection
EndGlobal
